
Microsoft Visual Studio Solution File, Format Version 12.00
# Visual Studio Version 16
VisualStudioVersion = 16.0.31702.278
MinimumVisualStudioVersion = 10.0.40219.1
Project("{9A19103F-16F7-4668-BE54-9A1E7A4F7556}") = "StatusPage.Api", "StatusPage.Api\StatusPage.Api.csproj", "{D302656F-F816-4032-B5B9-7AA6F371770B}"
EndProject
Project("{9A19103F-16F7-4668-BE54-9A1E7A4F7556}") = "StatusPage.Mock", "StatusPage.Mock\StatusPage.Mock.csproj", "{8B1C6C69-D5C5-4EB4-A50B-DC924DF4ED2C}"
EndProject
Project("{9A19103F-16F7-4668-BE54-9A1E7A4F7556}") = "StatusPage.BLL", "StatusPage.BLL\StatusPage.BLL.csproj", "{2E9E077E-601F-4C68-861D-6D629B2B6336}"
EndProject
Project("{9A19103F-16F7-4668-BE54-9A1E7A4F7556}") = "StatusPage.IntegrationTest", "StatusPage.IntegrationTest\StatusPage.IntegrationTest.csproj", "{1914BA0B-7DBB-4EBA-91A8-BEAECCEB440D}"
EndProject
Project("{9A19103F-16F7-4668-BE54-9A1E7A4F7556}") = "StatusPage.Client", "StatusPage.Client\StatusPage.Client.csproj", "{CFC56949-80CC-4AB9-BD57-9040F0D27CC6}"
EndProject
Project("{9A19103F-16F7-4668-BE54-9A1E7A4F7556}") = "StatusPage.MongoDB", "StatusPage.MongoDB\StatusPage.MongoDB.csproj", "{767D399A-BF75-4BD5-BB3C-6EF9D3134D30}"
EndProject
Project("{9A19103F-16F7-4668-BE54-9A1E7A4F7556}") = "StatusPage.Server", "StatusPage.Server\StatusPage.Server.csproj", "{BD7002D1-13CD-4D38-BBE2-AE8B8C0B30B3}"
EndProject
Project("{FAE04EC0-301F-11D3-BF4B-00C04F79EFBC}") = "StatusPage.Api.UnitTest", "StatusPage.Api.UnitTest\StatusPage.Api.UnitTest.csproj", "{98F0A5CB-FCA4-4D7D-8A33-A16EC5B641DA}"
EndProject
Project("{FAE04EC0-301F-11D3-BF4B-00C04F79EFBC}") = "StatusPage.Client.UnitTest", "StatusPage.Client.UnitTest\StatusPage.Client.UnitTest.csproj", "{96B3FF05-7F69-4D82-A8AB-2F51EB31B114}"
EndProject
Project("{FAE04EC0-301F-11D3-BF4B-00C04F79EFBC}") = "StatusPage.BLL.UnitTest", "StatusPage.BLL.UnitTest\StatusPage.BLL.UnitTest.csproj", "{557D6A3B-04C1-4256-A100-0AD0D1D1BD86}"
EndProject
Global
	GlobalSection(SolutionConfigurationPlatforms) = preSolution
		Debug|Any CPU = Debug|Any CPU
		Release|Any CPU = Release|Any CPU
	EndGlobalSection
	GlobalSection(ProjectConfigurationPlatforms) = postSolution
		{D302656F-F816-4032-B5B9-7AA6F371770B}.Debug|Any CPU.ActiveCfg = Debug|Any CPU
		{D302656F-F816-4032-B5B9-7AA6F371770B}.Debug|Any CPU.Build.0 = Debug|Any CPU
		{D302656F-F816-4032-B5B9-7AA6F371770B}.Release|Any CPU.ActiveCfg = Release|Any CPU
		{D302656F-F816-4032-B5B9-7AA6F371770B}.Release|Any CPU.Build.0 = Release|Any CPU
		{8B1C6C69-D5C5-4EB4-A50B-DC924DF4ED2C}.Debug|Any CPU.ActiveCfg = Debug|Any CPU
		{8B1C6C69-D5C5-4EB4-A50B-DC924DF4ED2C}.Debug|Any CPU.Build.0 = Debug|Any CPU
		{8B1C6C69-D5C5-4EB4-A50B-DC924DF4ED2C}.Release|Any CPU.ActiveCfg = Release|Any CPU
		{8B1C6C69-D5C5-4EB4-A50B-DC924DF4ED2C}.Release|Any CPU.Build.0 = Release|Any CPU
		{2E9E077E-601F-4C68-861D-6D629B2B6336}.Debug|Any CPU.ActiveCfg = Debug|Any CPU
		{2E9E077E-601F-4C68-861D-6D629B2B6336}.Debug|Any CPU.Build.0 = Debug|Any CPU
		{2E9E077E-601F-4C68-861D-6D629B2B6336}.Release|Any CPU.ActiveCfg = Release|Any CPU
		{2E9E077E-601F-4C68-861D-6D629B2B6336}.Release|Any CPU.Build.0 = Release|Any CPU
		{1914BA0B-7DBB-4EBA-91A8-BEAECCEB440D}.Debug|Any CPU.ActiveCfg = Debug|Any CPU
		{1914BA0B-7DBB-4EBA-91A8-BEAECCEB440D}.Debug|Any CPU.Build.0 = Debug|Any CPU
		{1914BA0B-7DBB-4EBA-91A8-BEAECCEB440D}.Release|Any CPU.ActiveCfg = Release|Any CPU
		{1914BA0B-7DBB-4EBA-91A8-BEAECCEB440D}.Release|Any CPU.Build.0 = Release|Any CPU
		{CFC56949-80CC-4AB9-BD57-9040F0D27CC6}.Debug|Any CPU.ActiveCfg = Debug|Any CPU
		{CFC56949-80CC-4AB9-BD57-9040F0D27CC6}.Debug|Any CPU.Build.0 = Debug|Any CPU
		{CFC56949-80CC-4AB9-BD57-9040F0D27CC6}.Release|Any CPU.ActiveCfg = Release|Any CPU
		{CFC56949-80CC-4AB9-BD57-9040F0D27CC6}.Release|Any CPU.Build.0 = Release|Any CPU
		{767D399A-BF75-4BD5-BB3C-6EF9D3134D30}.Debug|Any CPU.ActiveCfg = Debug|Any CPU
		{767D399A-BF75-4BD5-BB3C-6EF9D3134D30}.Debug|Any CPU.Build.0 = Debug|Any CPU
		{767D399A-BF75-4BD5-BB3C-6EF9D3134D30}.Release|Any CPU.ActiveCfg = Release|Any CPU
		{767D399A-BF75-4BD5-BB3C-6EF9D3134D30}.Release|Any CPU.Build.0 = Release|Any CPU
		{BD7002D1-13CD-4D38-BBE2-AE8B8C0B30B3}.Debug|Any CPU.ActiveCfg = Debug|Any CPU
		{BD7002D1-13CD-4D38-BBE2-AE8B8C0B30B3}.Debug|Any CPU.Build.0 = Debug|Any CPU
		{BD7002D1-13CD-4D38-BBE2-AE8B8C0B30B3}.Release|Any CPU.ActiveCfg = Release|Any CPU
		{BD7002D1-13CD-4D38-BBE2-AE8B8C0B30B3}.Release|Any CPU.Build.0 = Release|Any CPU
		{98F0A5CB-FCA4-4D7D-8A33-A16EC5B641DA}.Debug|Any CPU.ActiveCfg = Debug|Any CPU
		{98F0A5CB-FCA4-4D7D-8A33-A16EC5B641DA}.Debug|Any CPU.Build.0 = Debug|Any CPU
		{98F0A5CB-FCA4-4D7D-8A33-A16EC5B641DA}.Release|Any CPU.ActiveCfg = Release|Any CPU
		{98F0A5CB-FCA4-4D7D-8A33-A16EC5B641DA}.Release|Any CPU.Build.0 = Release|Any CPU
		{96B3FF05-7F69-4D82-A8AB-2F51EB31B114}.Debug|Any CPU.ActiveCfg = Debug|Any CPU
		{96B3FF05-7F69-4D82-A8AB-2F51EB31B114}.Debug|Any CPU.Build.0 = Debug|Any CPU
		{96B3FF05-7F69-4D82-A8AB-2F51EB31B114}.Release|Any CPU.ActiveCfg = Release|Any CPU
		{96B3FF05-7F69-4D82-A8AB-2F51EB31B114}.Release|Any CPU.Build.0 = Release|Any CPU
		{557D6A3B-04C1-4256-A100-0AD0D1D1BD86}.Debug|Any CPU.ActiveCfg = Debug|Any CPU
		{557D6A3B-04C1-4256-A100-0AD0D1D1BD86}.Debug|Any CPU.Build.0 = Debug|Any CPU
		{557D6A3B-04C1-4256-A100-0AD0D1D1BD86}.Release|Any CPU.ActiveCfg = Release|Any CPU
		{557D6A3B-04C1-4256-A100-0AD0D1D1BD86}.Release|Any CPU.Build.0 = Release|Any CPU
	EndGlobalSection
	GlobalSection(SolutionProperties) = preSolution
		HideSolutionNode = FALSE
	EndGlobalSection
	GlobalSection(ExtensibilityGlobals) = postSolution
		SolutionGuid = {05B05CA2-9798-45DA-AD75-A0737D8E18A3}
	EndGlobalSection
EndGlobal
